
Microsoft Visual Studio Solution File, Format Version 12.00
# Visual Studio Version 17
VisualStudioVersion = 17.5.002.0
MinimumVisualStudioVersion = 10.0.40219.1
Project("{9A19103F-16F7-4668-BE54-9A1E7A4F7556}") = "BE_EXE201", "BE_EXE201.csproj", "{0D1F4878-5733-43EC-BC84-FF506E48B8EE}"
EndProject
Global
	GlobalSection(SolutionConfigurationPlatforms) = preSolution
		Debug|Any CPU = Debug|Any CPU
		Release|Any CPU = Release|Any CPU
	EndGlobalSection
	GlobalSection(ProjectConfigurationPlatforms) = postSolution
		{0D1F4878-5733-43EC-BC84-FF506E48B8EE}.Debug|Any CPU.ActiveCfg = Debug|Any CPU
		{0D1F4878-5733-43EC-BC84-FF506E48B8EE}.Debug|Any CPU.Build.0 = Debug|Any CPU
		{0D1F4878-5733-43EC-BC84-FF506E48B8EE}.Release|Any CPU.ActiveCfg = Release|Any CPU
		{0D1F4878-5733-43EC-BC84-FF506E48B8EE}.Release|Any CPU.Build.0 = Release|Any CPU
	EndGlobalSection
	GlobalSection(SolutionProperties) = preSolution
		HideSolutionNode = FALSE
	EndGlobalSection
	GlobalSection(ExtensibilityGlobals) = postSolution
		SolutionGuid = {50BD7757-373C-43B7-ABC8-CF85BD18F212}
	EndGlobalSection
EndGlobal
